#MicroXplorer Configuration settings - do not modify
File.Version=6
KeepUserPlacement=false
Mcu.Family=STM32F4
Mcu.IP0=NVIC
Mcu.IP1=RCC
Mcu.IP2=SYS
Mcu.IP3=TIM1
Mcu.IPNb=4
Mcu.Name=STM32F413V(G-H)Tx
Mcu.Package=LQFP100
Mcu.Pin0=PH0 - OSC_IN
Mcu.Pin1=PH1 - OSC_OUT
Mcu.Pin2=PE9
Mcu.Pin3=VP_SYS_VS_Systick
Mcu.PinsNb=4
Mcu.UserConstants=
Mcu.UserName=STM32F413VGTx
MxCube.Version=4.22.1
MxDb.Version=DB.4.0.221
NVIC.BusFault_IRQn=true\:0\:0\:false\:false\:true\:false
NVIC.DebugMonitor_IRQn=true\:0\:0\:false\:false\:true\:false
NVIC.HardFault_IRQn=true\:0\:0\:false\:false\:true\:false
NVIC.MemoryManagement_IRQn=true\:0\:0\:false\:false\:true\:false
NVIC.NonMaskableInt_IRQn=true\:0\:0\:false\:false\:true\:false
NVIC.PendSV_IRQn=true\:0\:0\:false\:false\:true\:false
NVIC.PriorityGroup=NVIC_PRIORITYGROUP_4
NVIC.SVCall_IRQn=true\:0\:0\:false\:false\:true\:false
NVIC.SysTick_IRQn=true\:0\:0\:false\:false\:true\:false
NVIC.UsageFault_IRQn=true\:0\:0\:false\:false\:true\:false
PCC.Checker=false
PCC.Line=STM32F413/423
PCC.MCU=STM32F413V(G-H)Tx
PCC.PartNumber=STM32F413VGTx
PCC.Seq0=2
PCC.Seq0.Step0.Average_Current=44.65 mA
PCC.Seq0.Step0.CPU_Frequency=100 MHz
PCC.Seq0.Step0.Category=In DS Table
PCC.Seq0.Step0.DMIPS=125.0
PCC.Seq0.Step0.Duration=1 ms
PCC.Seq0.Step0.Frequency=4 MHz
PCC.Seq0.Step0.Memory=FLASH
PCC.Seq0.Step0.Mode=RUN
PCC.Seq0.Step0.Oscillator=HSE PLL
PCC.Seq0.Step0.Peripherals=ADC1 AHB_APB1_bridge AHB_APB2_bridge BusMatrix CAN1 CAN2 CAN3 CRC DAC\:OUT1+OUT2-Middle_code DMA1\:8_Streams DMA2\:8_Streams EXT1 FMPI2C1 FSMC GPIOA GPIOB GPIOC GPIOD GPIOE GPIOH I2C1 I2C2 I2C3 IWDG LPTIM1 PVD/BOR PWR QUADSPI RNG RTC SAI1 SDIO SPI1 SPI2/I2S2 SPI3/I2S3 SPI4 SPI5 SYS TIM1 TIM2 TIM3 TIM4 TIM5 TIM6 TIM7 TIM8 TIM9 TIM10 TIM11 TIM12 TIM13 TIM14 UART10 UART4 UART5 UART7 UART8 UART9 USART1 USART2 USART3 USART6 USB_OTG_FS WWDG
PCC.Seq0.Step0.TaMax=98.09
PCC.Seq0.Step0.User's_Consumption=0 mA
PCC.Seq0.Step0.Vcore=Scale1-High
PCC.Seq0.Step0.Vdd=3.6
PCC.Seq0.Step0.Voltage_Source=Battery
PCC.Seq0.Step1.Average_Current=65.42 mA
PCC.Seq0.Step1.CPU_Frequency=100 MHz
PCC.Seq0.Step1.Category=In DS Table
PCC.Seq0.Step1.DMIPS=125.0
PCC.Seq0.Step1.Duration=10 s
PCC.Seq0.Step1.Frequency=4 MHz
PCC.Seq0.Step1.Memory=FLASH
PCC.Seq0.Step1.Mode=RUN
PCC.Seq0.Step1.Oscillator=HSE PLL
PCC.Seq0.Step1.Peripherals=ADC1 AHB_APB1_bridge AHB_APB2_bridge BusMatrix CAN1 CAN2 CAN3 CRC DAC\:OUT2-Worst_code DFSDM1 DFSDM2 DMA1\:8_Streams DMA2\:8_Streams EXT1 FMPI2C1 FSMC GPIOA GPIOB GPIOC GPIOD GPIOE GPIOH I2C1 I2C2 I2C3 IWDG LPTIM1 PVD/BOR PWR QUADSPI RNG RTC SAI1 SDIO SPI1 SPI2/I2S2 SPI3/I2S3 SPI4 SPI5 SYS TIM1 TIM2 TIM3 TIM4 TIM5 TIM6 TIM7 TIM8 TIM9 TIM10 TIM11 TIM12 TIM13 TIM14 UART10 UART4 UART5 UART7 UART8 UART9 USART1 USART2 USART3 USART6 USB_OTG_FS WWDG
PCC.Seq0.Step1.TaMax=94.87
PCC.Seq0.Step1.User's_Consumption=20 mA
PCC.Seq0.Step1.Vcore=Scale1-High
PCC.Seq0.Step1.Vdd=3.6
PCC.Seq0.Step1.Voltage_Source=Vbus
PCC.Series=STM32F4
PCC.Temperature=25
PCC.Vdd=3.6
PE9.Signal=S_TIM1_CH1
PH0\ -\ OSC_IN.Mode=HSE-External-Oscillator
PH0\ -\ OSC_IN.Signal=RCC_OSC_IN
PH1\ -\ OSC_OUT.Mode=HSE-External-Oscillator
PH1\ -\ OSC_OUT.Signal=RCC_OSC_OUT
PinOutPanel.RotationAngle=0
RCC.AHBFreq_Value=100000000
RCC.APB1CLKDivider=RCC_HCLK_DIV2
RCC.APB1Freq_Value=50000000
RCC.APB1TimFreq_Value=100000000
RCC.APB2Freq_Value=100000000
RCC.APB2TimFreq_Value=100000000
RCC.CortexFreq_Value=100000000
RCC.DFSDM2AudioFreq_Value=150000000
RCC.DFSDM2Freq_Value=100000000
RCC.DFSDMAudioFreq_Value=150000000
RCC.DFSDMFreq_Value=100000000
RCC.FCLKCortexFreq_Value=100000000
RCC.FMPI2C1Freq_Value=50000000
RCC.FamilyName=M
RCC.HCLKFreq_Value=100000000
RCC.HSE_VALUE=25000000
RCC.I2S1Freq_Value=150000000
RCC.I2S2Freq_Value=150000000
RCC.IPParameters=AHBFreq_Value,APB1CLKDivider,APB1Freq_Value,APB1TimFreq_Value,APB2Freq_Value,APB2TimFreq_Value,CortexFreq_Value,DFSDM2AudioFreq_Value,DFSDM2Freq_Value,DFSDMAudioFreq_Value,DFSDMFreq_Value,FCLKCortexFreq_Value,FMPI2C1Freq_Value,FamilyName,HCLKFreq_Value,HSE_VALUE,I2S1Freq_Value,I2S2Freq_Value,LPTimerFreq_Value,MCO2PinFreq_Value,PLLCLKFreq_Value,PLLI2SQCLKFreq_Value,PLLI2SRCLKFreq_Value,PLLM,PLLN,PLLQCLKFreq_Value,PLLQoutputFreq_Value,PLLRCLKFreq_Value,PLLRoutputFreq_Value,PLLSourceVirtual,PWRFreq_Value,RNGFreq_Value,SAI1AFreq_Value,SAI1BFreq_Value,SDIOFreq_Value,SYSCLKFreq_VALUE,SYSCLKSource,USBFreq_Value,VCOI2SInputFreq_Value,VCOI2SOutputFreq_Value,VCOInputFreq_Value,VCOOutputFreq_Value
RCC.LPTimerFreq_Value=50000000
RCC.MCO2PinFreq_Value=100000000
RCC.PLLCLKFreq_Value=100000000
RCC.PLLI2SQCLKFreq_Value=150000000
RCC.PLLI2SRCLKFreq_Value=150000000
RCC.PLLM=20
RCC.PLLN=160
RCC.PLLQCLKFreq_Value=100000000
RCC.PLLQoutputFreq_Value=100000000
RCC.PLLRCLKFreq_Value=100000000
RCC.PLLRoutputFreq_Value=100000000
RCC.PLLSourceVirtual=RCC_PLLSOURCE_HSE
RCC.PWRFreq_Value=100000000
RCC.RNGFreq_Value=100000000
RCC.SAI1AFreq_Value=25000000
RCC.SAI1BFreq_Value=25000000
RCC.SDIOFreq_Value=100000000
RCC.SYSCLKFreq_VALUE=100000000
RCC.SYSCLKSource=RCC_SYSCLKSOURCE_PLLCLK
RCC.USBFreq_Value=100000000
RCC.VCOI2SInputFreq_Value=1562500
RCC.VCOI2SOutputFreq_Value=300000000
RCC.VCOInputFreq_Value=1250000
RCC.VCOOutputFreq_Value=200000000
SH.S_TIM1_CH1.0=TIM1_CH1,Output Compare1 CH1
SH.S_TIM1_CH1.ConfNb=1
TIM1.Channel-Output\ Compare1\ CH1=TIM_CHANNEL_1
TIM1.IPParameters=Channel-Output Compare1 CH1
VP_SYS_VS_Systick.Mode=SysTick
VP_SYS_VS_Systick.Signal=SYS_VS_Systick
